
Microsoft Visual Studio Solution File, Format Version 12.00
# Visual Studio Version 17
VisualStudioVersion = 17.2.32630.192
MinimumVisualStudioVersion = 10.0.40219.1
Project("{9A19103F-16F7-4668-BE54-9A1E7A4F7556}") = "XOSkinWebApp", "XOSkinWebApp.csproj", "{F493F155-7323-45C2-93A1-9F3B4B858EA0}"
EndProject
Project("{9A19103F-16F7-4668-BE54-9A1E7A4F7556}") = "AdaptiveProductRecommendationEngine", "..\AdaptiveProductRecommendationEngine\AdaptiveProductRecommendationEngine.csproj", "{1657806F-1752-4435-9C9A-01DDFC220BDB}"
EndProject
Project("{9A19103F-16F7-4668-BE54-9A1E7A4F7556}") = "Terminal", "..\Terminal\Terminal.csproj", "{DFEB1CB3-9F46-4007-995B-B36487B757C8}"
EndProject
Project("{2150E333-8FDC-42A3-9474-1A3956D46DE8}") = "Documentation", "Documentation", "{EE148054-202B-4E8C-B586-66B58FB54C49}"
	ProjectSection(SolutionItems) = preProject
		XOSWS Dependency Diagram.dgml = XOSWS Dependency Diagram.dgml
	EndProjectSection
EndProject
Global
	GlobalSection(SolutionConfigurationPlatforms) = preSolution
		Debug|Any CPU = Debug|Any CPU
		Release|Any CPU = Release|Any CPU
	EndGlobalSection
	GlobalSection(ProjectConfigurationPlatforms) = postSolution
		{F493F155-7323-45C2-93A1-9F3B4B858EA0}.Debug|Any CPU.ActiveCfg = Debug|Any CPU
		{F493F155-7323-45C2-93A1-9F3B4B858EA0}.Debug|Any CPU.Build.0 = Debug|Any CPU
		{F493F155-7323-45C2-93A1-9F3B4B858EA0}.Release|Any CPU.ActiveCfg = Release|Any CPU
		{F493F155-7323-45C2-93A1-9F3B4B858EA0}.Release|Any CPU.Build.0 = Release|Any CPU
		{1657806F-1752-4435-9C9A-01DDFC220BDB}.Debug|Any CPU.ActiveCfg = Debug|Any CPU
		{1657806F-1752-4435-9C9A-01DDFC220BDB}.Debug|Any CPU.Build.0 = Debug|Any CPU
		{1657806F-1752-4435-9C9A-01DDFC220BDB}.Release|Any CPU.ActiveCfg = Release|Any CPU
		{1657806F-1752-4435-9C9A-01DDFC220BDB}.Release|Any CPU.Build.0 = Release|Any CPU
		{DFEB1CB3-9F46-4007-995B-B36487B757C8}.Debug|Any CPU.ActiveCfg = Debug|Any CPU
		{DFEB1CB3-9F46-4007-995B-B36487B757C8}.Debug|Any CPU.Build.0 = Debug|Any CPU
		{DFEB1CB3-9F46-4007-995B-B36487B757C8}.Release|Any CPU.ActiveCfg = Release|Any CPU
		{DFEB1CB3-9F46-4007-995B-B36487B757C8}.Release|Any CPU.Build.0 = Release|Any CPU
	EndGlobalSection
	GlobalSection(SolutionProperties) = preSolution
		HideSolutionNode = FALSE
	EndGlobalSection
	GlobalSection(ExtensibilityGlobals) = postSolution
		SolutionGuid = {9CB40290-2CA8-4777-AAA0-6626B8AEA5D4}
	EndGlobalSection
EndGlobal
